bou.ke/monkey v1.0.2 h1:kWcnsrCNUatbxncxR/ThdYqbytgOIArtYWqcQLQzKLI=
bou.ke/monkey v1.0.2/go.mod h1:OqickVX3tNx6t33n1xvtTtu85YN5s6cKwVug+oHMaIA=
github.com/modern-go/concurrent v0.0.0-20180306012644-bacd9c7ef1dd h1:TRLaZ9cD/w8PVh93nsPXa1VrQ6jlwL5oN8l14QlcNfg=
github.com/modern-go/concurrent v0.0.0-20180306012644-bacd9c7ef1dd/go.mod h1:6dJC0mAP4ikYIbvyc7fijjWJddQyLn8Ig3JB5CqoB9Q=
github.com/modern-go/gls v0.0.0-20190610040709-84558782a674 h1:1n+vuTzNkmbDn73+cV6Hz25pkC7qX9u2QHaz/jA4x2g=
github.com/modern-go/gls v0.0.0-20190610040709-84558782a674/go.mod h1:I8AX+yW//L8Hshx6+a1m3bYkwXkpsVjA2795vP4f4oQ=
github.com/modern-go/reflect2 v1.0.1 h1:9f412s+6RmYXLWZSEzVVgPGK7C2PphHj5RJrvfx9AWI=
github.com/modern-go/reflect2 v1.0.1/go.mod h1:bx2lNnkwVCuqBIxFjflWJWanXIb3RllmbCylyMrvgv0=
